
Microsoft Visual Studio Solution File, Format Version 12.00
# Visual Studio 2012
Project("{FAE04EC0-301F-11D3-BF4B-00C04F79EFBC}") = "TeddysAdventure", "TeddysAdventure\TeddysAdventure\TeddysAdventure.csproj", "{07C89F5F-89C1-46AC-A729-5003DE543786}"
EndProject
Project("{FAE04EC0-301F-11D3-BF4B-00C04F79EFBC}") = "TeddysAdventureContent", "TeddysAdventure\TeddysAdventureContent\TeddysAdventureContent.contentproj", "{FBB59686-7C7D-47FB-8498-FFD026D739DE}"
EndProject
Project("{FAE04EC0-301F-11D3-BF4B-00C04F79EFBC}") = "TeddysAdventureLibrary", "TeddysAdventureLibrary\TeddysAdventureLibrary.csproj", "{35188CCA-45B4-4627-8F79-85046C33FA3E}"
EndProject
Project("{FAE04EC0-301F-11D3-BF4B-00C04F79EFBC}") = "TeddysAdventureProcessor", "TeddysAdventureProcessor\TeddysAdventureProcessor.csproj", "{67B9F8C3-2852-4F42-A064-F5E1D35810A3}"
EndProject
Project("{FAE04EC0-301F-11D3-BF4B-00C04F79EFBC}") = "ContentManifestExtensions", "TeddysAdventure\ContentManifestExtensions\ContentManifestExtensions.csproj", "{F4CDBC64-A84A-41CD-A941-418B67578AF7}"
EndProject
Project("{FAE04EC0-301F-11D3-BF4B-00C04F79EFBC}") = "TeddyMapEditor", "TeddyMapEditor\TeddyMapEditor.csproj", "{7D40364C-5818-4670-B60D-FF0F179B77C1}"
EndProject
Global
	GlobalSection(SolutionConfigurationPlatforms) = preSolution
		Debug|Any CPU = Debug|Any CPU
		Debug|Mixed Platforms = Debug|Mixed Platforms
		Debug|x86 = Debug|x86
		Release|Any CPU = Release|Any CPU
		Release|Mixed Platforms = Release|Mixed Platforms
		Release|x86 = Release|x86
	EndGlobalSection
	GlobalSection(ProjectConfigurationPlatforms) = postSolution
		{07C89F5F-89C1-46AC-A729-5003DE543786}.Debug|Any CPU.ActiveCfg = Debug|x86
		{07C89F5F-89C1-46AC-A729-5003DE543786}.Debug|Mixed Platforms.ActiveCfg = Debug|x86
		{07C89F5F-89C1-46AC-A729-5003DE543786}.Debug|Mixed Platforms.Build.0 = Debug|x86
		{07C89F5F-89C1-46AC-A729-5003DE543786}.Debug|x86.ActiveCfg = Debug|x86
		{07C89F5F-89C1-46AC-A729-5003DE543786}.Debug|x86.Build.0 = Debug|x86
		{07C89F5F-89C1-46AC-A729-5003DE543786}.Release|Any CPU.ActiveCfg = Release|x86
		{07C89F5F-89C1-46AC-A729-5003DE543786}.Release|Mixed Platforms.ActiveCfg = Release|x86
		{07C89F5F-89C1-46AC-A729-5003DE543786}.Release|Mixed Platforms.Build.0 = Release|x86
		{07C89F5F-89C1-46AC-A729-5003DE543786}.Release|x86.ActiveCfg = Release|x86
		{07C89F5F-89C1-46AC-A729-5003DE543786}.Release|x86.Build.0 = Release|x86
		{FBB59686-7C7D-47FB-8498-FFD026D739DE}.Debug|Any CPU.ActiveCfg = Debug|x86
		{FBB59686-7C7D-47FB-8498-FFD026D739DE}.Debug|Mixed Platforms.ActiveCfg = Debug|x86
		{FBB59686-7C7D-47FB-8498-FFD026D739DE}.Debug|x86.ActiveCfg = Debug|x86
		{FBB59686-7C7D-47FB-8498-FFD026D739DE}.Release|Any CPU.ActiveCfg = Release|x86
		{FBB59686-7C7D-47FB-8498-FFD026D739DE}.Release|Mixed Platforms.ActiveCfg = Release|x86
		{FBB59686-7C7D-47FB-8498-FFD026D739DE}.Release|x86.ActiveCfg = Release|x86
		{35188CCA-45B4-4627-8F79-85046C33FA3E}.Debug|Any CPU.ActiveCfg = Debug|x86
		{35188CCA-45B4-4627-8F79-85046C33FA3E}.Debug|Mixed Platforms.ActiveCfg = Debug|x86
		{35188CCA-45B4-4627-8F79-85046C33FA3E}.Debug|Mixed Platforms.Build.0 = Debug|x86
		{35188CCA-45B4-4627-8F79-85046C33FA3E}.Debug|x86.ActiveCfg = Debug|x86
		{35188CCA-45B4-4627-8F79-85046C33FA3E}.Debug|x86.Build.0 = Debug|x86
		{35188CCA-45B4-4627-8F79-85046C33FA3E}.Release|Any CPU.ActiveCfg = Release|x86
		{35188CCA-45B4-4627-8F79-85046C33FA3E}.Release|Mixed Platforms.ActiveCfg = Release|x86
		{35188CCA-45B4-4627-8F79-85046C33FA3E}.Release|Mixed Platforms.Build.0 = Release|x86
		{35188CCA-45B4-4627-8F79-85046C33FA3E}.Release|x86.ActiveCfg = Release|x86
		{35188CCA-45B4-4627-8F79-85046C33FA3E}.Release|x86.Build.0 = Release|x86
		{67B9F8C3-2852-4F42-A064-F5E1D35810A3}.Debug|Any CPU.ActiveCfg = Debug|Any CPU
		{67B9F8C3-2852-4F42-A064-F5E1D35810A3}.Debug|Any CPU.Build.0 = Debug|Any CPU
		{67B9F8C3-2852-4F42-A064-F5E1D35810A3}.Debug|Mixed Platforms.ActiveCfg = Debug|Any CPU
		{67B9F8C3-2852-4F42-A064-F5E1D35810A3}.Debug|Mixed Platforms.Build.0 = Debug|Any CPU
		{67B9F8C3-2852-4F42-A064-F5E1D35810A3}.Debug|x86.ActiveCfg = Debug|Any CPU
		{67B9F8C3-2852-4F42-A064-F5E1D35810A3}.Release|Any CPU.ActiveCfg = Release|Any CPU
		{67B9F8C3-2852-4F42-A064-F5E1D35810A3}.Release|Any CPU.Build.0 = Release|Any CPU
		{67B9F8C3-2852-4F42-A064-F5E1D35810A3}.Release|Mixed Platforms.ActiveCfg = Release|Any CPU
		{67B9F8C3-2852-4F42-A064-F5E1D35810A3}.Release|Mixed Platforms.Build.0 = Release|Any CPU
		{67B9F8C3-2852-4F42-A064-F5E1D35810A3}.Release|x86.ActiveCfg = Release|Any CPU
		{F4CDBC64-A84A-41CD-A941-418B67578AF7}.Debug|Any CPU.ActiveCfg = Debug|x86
		{F4CDBC64-A84A-41CD-A941-418B67578AF7}.Debug|Any CPU.Build.0 = Debug|x86
		{F4CDBC64-A84A-41CD-A941-418B67578AF7}.Debug|Mixed Platforms.ActiveCfg = Debug|x86
		{F4CDBC64-A84A-41CD-A941-418B67578AF7}.Debug|Mixed Platforms.Build.0 = Debug|x86
		{F4CDBC64-A84A-41CD-A941-418B67578AF7}.Debug|x86.ActiveCfg = Debug|x86
		{F4CDBC64-A84A-41CD-A941-418B67578AF7}.Debug|x86.Build.0 = Debug|x86
		{F4CDBC64-A84A-41CD-A941-418B67578AF7}.Release|Any CPU.ActiveCfg = Debug|x86
		{F4CDBC64-A84A-41CD-A941-418B67578AF7}.Release|Any CPU.Build.0 = Debug|x86
		{F4CDBC64-A84A-41CD-A941-418B67578AF7}.Release|Mixed Platforms.ActiveCfg = Debug|x86
		{F4CDBC64-A84A-41CD-A941-418B67578AF7}.Release|Mixed Platforms.Build.0 = Debug|x86
		{F4CDBC64-A84A-41CD-A941-418B67578AF7}.Release|x86.ActiveCfg = Debug|x86
		{F4CDBC64-A84A-41CD-A941-418B67578AF7}.Release|x86.Build.0 = Debug|x86
		{7D40364C-5818-4670-B60D-FF0F179B77C1}.Debug|Any CPU.ActiveCfg = Debug|x86
		{7D40364C-5818-4670-B60D-FF0F179B77C1}.Debug|Mixed Platforms.ActiveCfg = Debug|x86
		{7D40364C-5818-4670-B60D-FF0F179B77C1}.Debug|Mixed Platforms.Build.0 = Debug|x86
		{7D40364C-5818-4670-B60D-FF0F179B77C1}.Debug|x86.ActiveCfg = Debug|x86
		{7D40364C-5818-4670-B60D-FF0F179B77C1}.Debug|x86.Build.0 = Debug|x86
		{7D40364C-5818-4670-B60D-FF0F179B77C1}.Release|Any CPU.ActiveCfg = Release|x86
		{7D40364C-5818-4670-B60D-FF0F179B77C1}.Release|Mixed Platforms.ActiveCfg = Release|x86
		{7D40364C-5818-4670-B60D-FF0F179B77C1}.Release|Mixed Platforms.Build.0 = Release|x86
		{7D40364C-5818-4670-B60D-FF0F179B77C1}.Release|x86.ActiveCfg = Release|x86
		{7D40364C-5818-4670-B60D-FF0F179B77C1}.Release|x86.Build.0 = Release|x86
	EndGlobalSection
	GlobalSection(SolutionProperties) = preSolution
		HideSolutionNode = FALSE
	EndGlobalSection
EndGlobal
